{
  "object": {
    "pins": [
      {
        "package": "Bin",
        "repositoryURL": "https://github.com/rosberry/Bin-iOS",
        "state": {
          "branch": "no-xcframeworks",
          "revision": "a81a5f7e2063e7bfb544f5aab1c5ed6df450c3cf",
          "version": null
        }
      },
      {
        "package": "Cripper",
        "repositoryURL": "https://github.com/rosberry/Cripper",
        "state": {
          "branch": "master",
          "revision": "1df6a347241accc3b543d48894e69820975f0799",
          "version": null
        }
      },
      {
        "package": "Framezilla",
        "repositoryURL": "https://github.com/rosberry/Framezilla",
        "state": {
          "branch": "feature/update-spm-manifest",
          "revision": "22394eee07e845df421f663827d236f36a73587c",
          "version": null
        }
      },
      {
        "package": "Rcam",
        "repositoryURL": "https://github.com/rosberry/rcam",
        "state": {
          "branch": "master",
          "revision": "83f7e38f18b1bb2c2ee0029df563941b25c1a6f2",
          "version": null
        }
      }
    ]
  },
  "version": 1
}
