// !$*UTF8*$!
{
	archiveVersion = 1;
	classes = {
	};
	objectVersion = 55;
	objects = {

/* Begin PBXBuildFile section */
		1166B0EB280FE4C500249022 /* AppDelegate.swift in Sources */ = {isa = PBXBuildFile; fileRef = 1166B0EA280FE4C500249022 /* AppDelegate.swift */; };
		1166B0EF280FE4C500249022 /* ViewController.swift in Sources */ = {isa = PBXBuildFile; fileRef = 1166B0EE280FE4C500249022 /* ViewController.swift */; };
		1166B0F4280FE4C800249022 /* Assets.xcassets in Resources */ = {isa = PBXBuildFile; fileRef = 1166B0F3280FE4C800249022 /* Assets.xcassets */; };
		1166B0F7280FE4C800249022 /* LaunchScreen.storyboard in Resources */ = {isa = PBXBuildFile; fileRef = 1166B0F5280FE4C800249022 /* LaunchScreen.storyboard */; };
		116D540428118042007AD8EE /* CroppingRCam.framework in Frameworks */ = {isa = PBXBuildFile; fileRef = 11B79B9E281127E9009C919A /* CroppingRCam.framework */; };
		116D540528118042007AD8EE /* CroppingRCam.framework in Embed Frameworks */ = {isa = PBXBuildFile; fileRef = 11B79B9E281127E9009C919A /* CroppingRCam.framework */; settings = {ATTRIBUTES = (CodeSignOnCopy, RemoveHeadersOnCopy, ); }; };
		11A165B92817AC6C00011DBF /* Base.xcframework in Frameworks */ = {isa = PBXBuildFile; fileRef = 11A165B22817AC6C00011DBF /* Base.xcframework */; };
		11A165BB2817AC6C00011DBF /* Bin.xcframework in Frameworks */ = {isa = PBXBuildFile; fileRef = 11A165B32817AC6C00011DBF /* Bin.xcframework */; };
		11A165BD2817AC6C00011DBF /* Cripper.xcframework in Frameworks */ = {isa = PBXBuildFile; fileRef = 11A165B42817AC6C00011DBF /* Cripper.xcframework */; };
		11A165BF2817AC6C00011DBF /* Deboogger.xcframework in Frameworks */ = {isa = PBXBuildFile; fileRef = 11A165B52817AC6C00011DBF /* Deboogger.xcframework */; };
		11A165C12817AC6C00011DBF /* Framezilla.xcframework in Frameworks */ = {isa = PBXBuildFile; fileRef = 11A165B62817AC6C00011DBF /* Framezilla.xcframework */; };
		11A165C32817AC6C00011DBF /* RCam.xcframework in Frameworks */ = {isa = PBXBuildFile; fileRef = 11A165B72817AC6C00011DBF /* RCam.xcframework */; };
		11A165C52817AC6C00011DBF /* VisualEffectView.xcframework in Frameworks */ = {isa = PBXBuildFile; fileRef = 11A165B82817AC6C00011DBF /* VisualEffectView.xcframework */; };
/* End PBXBuildFile section */

/* Begin PBXCopyFilesBuildPhase section */
		116D53F728118023007AD8EE /* Embed Frameworks */ = {
			isa = PBXCopyFilesBuildPhase;
			buildActionMask = 2147483647;
			dstPath = "";
			dstSubfolderSpec = 10;
			files = (
				116D540528118042007AD8EE /* CroppingRCam.framework in Embed Frameworks */,
			);
			name = "Embed Frameworks";
			runOnlyForDeploymentPostprocessing = 0;
		};
/* End PBXCopyFilesBuildPhase section */

/* Begin PBXFileReference section */
		1136355D2811148100888D34 /* Deboogger.xcframework */ = {isa = PBXFileReference; lastKnownFileType = wrapper.xcframework; name = Deboogger.xcframework; path = Carthage/Build/Deboogger.xcframework; sourceTree = "<group>"; };
		1136355E2811148100888D34 /* Bin.xcframework */ = {isa = PBXFileReference; lastKnownFileType = wrapper.xcframework; name = Bin.xcframework; path = Carthage/Build/Bin.xcframework; sourceTree = "<group>"; };
		1136355F2811148100888D34 /* Cripper.xcframework */ = {isa = PBXFileReference; lastKnownFileType = wrapper.xcframework; name = Cripper.xcframework; path = Carthage/Build/Cripper.xcframework; sourceTree = "<group>"; };
		113635602811148100888D34 /* RCam.xcframework */ = {isa = PBXFileReference; lastKnownFileType = wrapper.xcframework; name = RCam.xcframework; path = Carthage/Build/RCam.xcframework; sourceTree = "<group>"; };
		113635612811148100888D34 /* Base.xcframework */ = {isa = PBXFileReference; lastKnownFileType = wrapper.xcframework; name = Base.xcframework; path = Carthage/Build/Base.xcframework; sourceTree = "<group>"; };
		113635622811148100888D34 /* VisualEffectView.xcframework */ = {isa = PBXFileReference; lastKnownFileType = wrapper.xcframework; name = VisualEffectView.xcframework; path = Carthage/Build/VisualEffectView.xcframework; sourceTree = "<group>"; };
		113635632811148100888D34 /* Framezilla.xcframework */ = {isa = PBXFileReference; lastKnownFileType = wrapper.xcframework; name = Framezilla.xcframework; path = Carthage/Build/Framezilla.xcframework; sourceTree = "<group>"; };
		1166B0E7280FE4C500249022 /* CroppingRCamExample.app */ = {isa = PBXFileReference; explicitFileType = wrapper.application; includeInIndex = 0; path = CroppingRCamExample.app; sourceTree = BUILT_PRODUCTS_DIR; };
		1166B0EA280FE4C500249022 /* AppDelegate.swift */ = {isa = PBXFileReference; lastKnownFileType = sourcecode.swift; path = AppDelegate.swift; sourceTree = "<group>"; };
		1166B0EE280FE4C500249022 /* ViewController.swift */ = {isa = PBXFileReference; lastKnownFileType = sourcecode.swift; path = ViewController.swift; sourceTree = "<group>"; };
		1166B0F3280FE4C800249022 /* Assets.xcassets */ = {isa = PBXFileReference; lastKnownFileType = folder.assetcatalog; path = Assets.xcassets; sourceTree = "<group>"; };
		1166B0F6280FE4C800249022 /* Base */ = {isa = PBXFileReference; lastKnownFileType = file.storyboard; name = Base; path = Base.lproj/LaunchScreen.storyboard; sourceTree = "<group>"; };
		1166B10D280FE5ED00249022 /* Info.plist */ = {isa = PBXFileReference; fileEncoding = 4; lastKnownFileType = text.plist.xml; path = Info.plist; sourceTree = "<group>"; };
		11A165B22817AC6C00011DBF /* Base.xcframework */ = {isa = PBXFileReference; lastKnownFileType = wrapper.xcframework; name = Base.xcframework; path = "/Users/nikita/Desktop/Working Projects/CroppingRCam/CroppingRCam/../Carthage/Build/Base.xcframework"; sourceTree = "<absolute>"; };
		11A165B32817AC6C00011DBF /* Bin.xcframework */ = {isa = PBXFileReference; lastKnownFileType = wrapper.xcframework; name = Bin.xcframework; path = "/Users/nikita/Desktop/Working Projects/CroppingRCam/CroppingRCam/../Carthage/Build/Bin.xcframework"; sourceTree = "<absolute>"; };
		11A165B42817AC6C00011DBF /* Cripper.xcframework */ = {isa = PBXFileReference; lastKnownFileType = wrapper.xcframework; name = Cripper.xcframework; path = "/Users/nikita/Desktop/Working Projects/CroppingRCam/CroppingRCam/../Carthage/Build/Cripper.xcframework"; sourceTree = "<absolute>"; };
		11A165B52817AC6C00011DBF /* Deboogger.xcframework */ = {isa = PBXFileReference; lastKnownFileType = wrapper.xcframework; name = Deboogger.xcframework; path = "/Users/nikita/Desktop/Working Projects/CroppingRCam/CroppingRCam/../Carthage/Build/Deboogger.xcframework"; sourceTree = "<absolute>"; };
		11A165B62817AC6C00011DBF /* Framezilla.xcframework */ = {isa = PBXFileReference; lastKnownFileType = wrapper.xcframework; name = Framezilla.xcframework; path = "/Users/nikita/Desktop/Working Projects/CroppingRCam/CroppingRCam/../Carthage/Build/Framezilla.xcframework"; sourceTree = "<absolute>"; };
		11A165B72817AC6C00011DBF /* RCam.xcframework */ = {isa = PBXFileReference; lastKnownFileType = wrapper.xcframework; name = RCam.xcframework; path = "/Users/nikita/Desktop/Working Projects/CroppingRCam/CroppingRCam/../Carthage/Build/RCam.xcframework"; sourceTree = "<absolute>"; };
		11A165B82817AC6C00011DBF /* VisualEffectView.xcframework */ = {isa = PBXFileReference; lastKnownFileType = wrapper.xcframework; name = VisualEffectView.xcframework; path = "/Users/nikita/Desktop/Working Projects/CroppingRCam/CroppingRCam/../Carthage/Build/VisualEffectView.xcframework"; sourceTree = "<absolute>"; };
		11B79B9E281127E9009C919A /* CroppingRCam.framework */ = {isa = PBXFileReference; explicitFileType = wrapper.framework; path = CroppingRCam.framework; sourceTree = BUILT_PRODUCTS_DIR; };
/* End PBXFileReference section */

/* Begin PBXFrameworksBuildPhase section */
		1166B0E4280FE4C500249022 /* Frameworks */ = {
			isa = PBXFrameworksBuildPhase;
			buildActionMask = 2147483647;
			files = (
				11A165C32817AC6C00011DBF /* RCam.xcframework in Frameworks */,
				11A165B92817AC6C00011DBF /* Base.xcframework in Frameworks */,
				11A165BB2817AC6C00011DBF /* Bin.xcframework in Frameworks */,
				11A165BF2817AC6C00011DBF /* Deboogger.xcframework in Frameworks */,
				116D540428118042007AD8EE /* CroppingRCam.framework in Frameworks */,
				11A165C12817AC6C00011DBF /* Framezilla.xcframework in Frameworks */,
				11A165BD2817AC6C00011DBF /* Cripper.xcframework in Frameworks */,
				11A165C52817AC6C00011DBF /* VisualEffectView.xcframework in Frameworks */,
			);
			runOnlyForDeploymentPostprocessing = 0;
		};
/* End PBXFrameworksBuildPhase section */

/* Begin PBXGroup section */
		1166B0DE280FE4C500249022 = {
			isa = PBXGroup;
			children = (
				1166B0E9280FE4C500249022 /* CroppingRCamExample */,
				1166B0E8280FE4C500249022 /* Products */,
				1166B107280FE4E400249022 /* Frameworks */,
			);
			sourceTree = "<group>";
		};
		1166B0E8280FE4C500249022 /* Products */ = {
			isa = PBXGroup;
			children = (
				1166B0E7280FE4C500249022 /* CroppingRCamExample.app */,
			);
			name = Products;
			sourceTree = "<group>";
		};
		1166B0E9280FE4C500249022 /* CroppingRCamExample */ = {
			isa = PBXGroup;
			children = (
				1166B10B280FE5AC00249022 /* Classes */,
				1166B10D280FE5ED00249022 /* Info.plist */,
				1166B0F3280FE4C800249022 /* Assets.xcassets */,
				1166B0F5280FE4C800249022 /* LaunchScreen.storyboard */,
			);
			path = CroppingRCamExample;
			sourceTree = "<group>";
		};
		1166B107280FE4E400249022 /* Frameworks */ = {
			isa = PBXGroup;
			children = (
				11A165B22817AC6C00011DBF /* Base.xcframework */,
				11A165B32817AC6C00011DBF /* Bin.xcframework */,
				11A165B42817AC6C00011DBF /* Cripper.xcframework */,
				11A165B52817AC6C00011DBF /* Deboogger.xcframework */,
				11A165B62817AC6C00011DBF /* Framezilla.xcframework */,
				11A165B72817AC6C00011DBF /* RCam.xcframework */,
				11A165B82817AC6C00011DBF /* VisualEffectView.xcframework */,
				11B79B9E281127E9009C919A /* CroppingRCam.framework */,
				113635612811148100888D34 /* Base.xcframework */,
				1136355E2811148100888D34 /* Bin.xcframework */,
				1136355F2811148100888D34 /* Cripper.xcframework */,
				1136355D2811148100888D34 /* Deboogger.xcframework */,
				113635632811148100888D34 /* Framezilla.xcframework */,
				113635602811148100888D34 /* RCam.xcframework */,
				113635622811148100888D34 /* VisualEffectView.xcframework */,
			);
			name = Frameworks;
			sourceTree = "<group>";
		};
		1166B10B280FE5AC00249022 /* Classes */ = {
			isa = PBXGroup;
			children = (
				1166B0EA280FE4C500249022 /* AppDelegate.swift */,
				1166B10C280FE5B900249022 /* Modules */,
			);
			path = Classes;
			sourceTree = "<group>";
		};
		1166B10C280FE5B900249022 /* Modules */ = {
			isa = PBXGroup;
			children = (
				1166B0EE280FE4C500249022 /* ViewController.swift */,
			);
			path = Modules;
			sourceTree = "<group>";
		};
/* End PBXGroup section */

/* Begin PBXNativeTarget section */
		1166B0E6280FE4C500249022 /* CroppingRCamExample */ = {
			isa = PBXNativeTarget;
			buildConfigurationList = 1166B0FB280FE4C800249022 /* Build configuration list for PBXNativeTarget "CroppingRCamExample" */;
			buildPhases = (
				1166B0E3280FE4C500249022 /* Sources */,
				1166B0E4280FE4C500249022 /* Frameworks */,
				1166B0E5280FE4C500249022 /* Resources */,
				116D53F728118023007AD8EE /* Embed Frameworks */,
			);
			buildRules = (
			);
			dependencies = (
			);
			name = CroppingRCamExample;
			productName = CroppingRCamExample;
			productReference = 1166B0E7280FE4C500249022 /* CroppingRCamExample.app */;
			productType = "com.apple.product-type.application";
		};
/* End PBXNativeTarget section */

/* Begin PBXProject section */
		1166B0DF280FE4C500249022 /* Project object */ = {
			isa = PBXProject;
			attributes = {
				BuildIndependentTargetsInParallel = 1;
				LastSwiftUpdateCheck = 1300;
				LastUpgradeCheck = 1300;
				TargetAttributes = {
					1166B0E6280FE4C500249022 = {
						CreatedOnToolsVersion = 13.0;
					};
				};
			};
			buildConfigurationList = 1166B0E2280FE4C500249022 /* Build configuration list for PBXProject "CroppingRCamExample" */;
			compatibilityVersion = "Xcode 13.0";
			developmentRegion = en;
			hasScannedForEncodings = 0;
			knownRegions = (
				en,
				Base,
			);
			mainGroup = 1166B0DE280FE4C500249022;
			productRefGroup = 1166B0E8280FE4C500249022 /* Products */;
			projectDirPath = "";
			projectRoot = "";
			targets = (
				1166B0E6280FE4C500249022 /* CroppingRCamExample */,
			);
		};
/* End PBXProject section */

/* Begin PBXResourcesBuildPhase section */
		1166B0E5280FE4C500249022 /* Resources */ = {
			isa = PBXResourcesBuildPhase;
			buildActionMask = 2147483647;
			files = (
				1166B0F7280FE4C800249022 /* LaunchScreen.storyboard in Resources */,
				1166B0F4280FE4C800249022 /* Assets.xcassets in Resources */,
			);
			runOnlyForDeploymentPostprocessing = 0;
		};
/* End PBXResourcesBuildPhase section */

/* Begin PBXSourcesBuildPhase section */
		1166B0E3280FE4C500249022 /* Sources */ = {
			isa = PBXSourcesBuildPhase;
			buildActionMask = 2147483647;
			files = (
				1166B0EF280FE4C500249022 /* ViewController.swift in Sources */,
				1166B0EB280FE4C500249022 /* AppDelegate.swift in Sources */,
			);
			runOnlyForDeploymentPostprocessing = 0;
		};
/* End PBXSourcesBuildPhase section */

/* Begin PBXVariantGroup section */
		1166B0F5280FE4C800249022 /* LaunchScreen.storyboard */ = {
			isa = PBXVariantGroup;
			children = (
				1166B0F6280FE4C800249022 /* Base */,
			);
			name = LaunchScreen.storyboard;
			sourceTree = "<group>";
		};
/* End PBXVariantGroup section */

/* Begin XCBuildConfiguration section */
		1166B0F9280FE4C800249022 /* Debug */ = {
			isa = XCBuildConfiguration;
			buildSettings = {
				ALWAYS_SEARCH_USER_PATHS = NO;
				CLANG_ANALYZER_NONNULL = YES;
				CLANG_ANALYZER_NUMBER_OBJECT_CONVERSION = YES_AGGRESSIVE;
				CLANG_CXX_LANGUAGE_STANDARD = "gnu++17";
				CLANG_CXX_LIBRARY = "libc++";
				CLANG_ENABLE_MODULES = YES;
				CLANG_ENABLE_OBJC_ARC = YES;
				CLANG_ENABLE_OBJC_WEAK = YES;
				CLANG_WARN_BLOCK_CAPTURE_AUTORELEASING = YES;
				CLANG_WARN_BOOL_CONVERSION = YES;
				CLANG_WARN_COMMA = YES;
				CLANG_WARN_CONSTANT_CONVERSION = YES;
				CLANG_WARN_DEPRECATED_OBJC_IMPLEMENTATIONS = YES;
				CLANG_WARN_DIRECT_OBJC_ISA_USAGE = YES_ERROR;
				CLANG_WARN_DOCUMENTATION_COMMENTS = YES;
				CLANG_WARN_EMPTY_BODY = YES;
				CLANG_WARN_ENUM_CONVERSION = YES;
				CLANG_WARN_INFINITE_RECURSION = YES;
				CLANG_WARN_INT_CONVERSION = YES;
				CLANG_WARN_NON_LITERAL_NULL_CONVERSION = YES;
				CLANG_WARN_OBJC_IMPLICIT_RETAIN_SELF = YES;
				CLANG_WARN_OBJC_LITERAL_CONVERSION = YES;
				CLANG_WARN_OBJC_ROOT_CLASS = YES_ERROR;
				CLANG_WARN_QUOTED_INCLUDE_IN_FRAMEWORK_HEADER = YES;
				CLANG_WARN_RANGE_LOOP_ANALYSIS = YES;
				CLANG_WARN_STRICT_PROTOTYPES = YES;
				CLANG_WARN_SUSPICIOUS_MOVE = YES;
				CLANG_WARN_UNGUARDED_AVAILABILITY = YES_AGGRESSIVE;
				CLANG_WARN_UNREACHABLE_CODE = YES;
				CLANG_WARN__DUPLICATE_METHOD_MATCH = YES;
				COPY_PHASE_STRIP = NO;
				DEBUG_INFORMATION_FORMAT = dwarf;
				ENABLE_STRICT_OBJC_MSGSEND = YES;
				ENABLE_TESTABILITY = YES;
				GCC_C_LANGUAGE_STANDARD = gnu11;
				GCC_DYNAMIC_NO_PIC = NO;
				GCC_NO_COMMON_BLOCKS = YES;
				GCC_OPTIMIZATION_LEVEL = 0;
				GCC_PREPROCESSOR_DEFINITIONS = (
					"DEBUG=1",
					"$(inherited)",
				);
				GCC_WARN_64_TO_32_BIT_CONVERSION = YES;
				GCC_WARN_ABOUT_RETURN_TYPE = YES_ERROR;
				GCC_WARN_UNDECLARED_SELECTOR = YES;
				GCC_WARN_UNINITIALIZED_AUTOS = YES_AGGRESSIVE;
				GCC_WARN_UNUSED_FUNCTION = YES;
				GCC_WARN_UNUSED_VARIABLE = YES;
				IPHONEOS_DEPLOYMENT_TARGET = 15.0;
				MTL_ENABLE_DEBUG_INFO = INCLUDE_SOURCE;
				MTL_FAST_MATH = YES;
				ONLY_ACTIVE_ARCH = YES;
				SDKROOT = iphoneos;
				SWIFT_ACTIVE_COMPILATION_CONDITIONS = DEBUG;
				SWIFT_OPTIMIZATION_LEVEL = "-Onone";
			};
			name = Debug;
		};
		1166B0FA280FE4C800249022 /* Release */ = {
			isa = XCBuildConfiguration;
			buildSettings = {
				ALWAYS_SEARCH_USER_PATHS = NO;
				CLANG_ANALYZER_NONNULL = YES;
				CLANG_ANALYZER_NUMBER_OBJECT_CONVERSION = YES_AGGRESSIVE;
				CLANG_CXX_LANGUAGE_STANDARD = "gnu++17";
				CLANG_CXX_LIBRARY = "libc++";
				CLANG_ENABLE_MODULES = YES;
				CLANG_ENABLE_OBJC_ARC = YES;
				CLANG_ENABLE_OBJC_WEAK = YES;
				CLANG_WARN_BLOCK_CAPTURE_AUTORELEASING = YES;
				CLANG_WARN_BOOL_CONVERSION = YES;
				CLANG_WARN_COMMA = YES;
				CLANG_WARN_CONSTANT_CONVERSION = YES;
				CLANG_WARN_DEPRECATED_OBJC_IMPLEMENTATIONS = YES;
				CLANG_WARN_DIRECT_OBJC_ISA_USAGE = YES_ERROR;
				CLANG_WARN_DOCUMENTATION_COMMENTS = YES;
				CLANG_WARN_EMPTY_BODY = YES;
				CLANG_WARN_ENUM_CONVERSION = YES;
				CLANG_WARN_INFINITE_RECURSION = YES;
				CLANG_WARN_INT_CONVERSION = YES;
				CLANG_WARN_NON_LITERAL_NULL_CONVERSION = YES;
				CLANG_WARN_OBJC_IMPLICIT_RETAIN_SELF = YES;
				CLANG_WARN_OBJC_LITERAL_CONVERSION = YES;
				CLANG_WARN_OBJC_ROOT_CLASS = YES_ERROR;
				CLANG_WARN_QUOTED_INCLUDE_IN_FRAMEWORK_HEADER = YES;
				CLANG_WARN_RANGE_LOOP_ANALYSIS = YES;
				CLANG_WARN_STRICT_PROTOTYPES = YES;
				CLANG_WARN_SUSPICIOUS_MOVE = YES;
				CLANG_WARN_UNGUARDED_AVAILABILITY = YES_AGGRESSIVE;
				CLANG_WARN_UNREACHABLE_CODE = YES;
				CLANG_WARN__DUPLICATE_METHOD_MATCH = YES;
				COPY_PHASE_STRIP = NO;
				DEBUG_INFORMATION_FORMAT = "dwarf-with-dsym";
				ENABLE_NS_ASSERTIONS = NO;
				ENABLE_STRICT_OBJC_MSGSEND = YES;
				GCC_C_LANGUAGE_STANDARD = gnu11;
				GCC_NO_COMMON_BLOCKS = YES;
				GCC_WARN_64_TO_32_BIT_CONVERSION = YES;
				GCC_WARN_ABOUT_RETURN_TYPE = YES_ERROR;
				GCC_WARN_UNDECLARED_SELECTOR = YES;
				GCC_WARN_UNINITIALIZED_AUTOS = YES_AGGRESSIVE;
				GCC_WARN_UNUSED_FUNCTION = YES;
				GCC_WARN_UNUSED_VARIABLE = YES;
				IPHONEOS_DEPLOYMENT_TARGET = 15.0;
				MTL_ENABLE_DEBUG_INFO = NO;
				MTL_FAST_MATH = YES;
				SDKROOT = iphoneos;
				SWIFT_COMPILATION_MODE = wholemodule;
				SWIFT_OPTIMIZATION_LEVEL = "-O";
				VALIDATE_PRODUCT = YES;
			};
			name = Release;
		};
		1166B0FC280FE4C800249022 /* Debug */ = {
			isa = XCBuildConfiguration;
			buildSettings = {
				ASSETCATALOG_COMPILER_APPICON_NAME = AppIcon;
				ASSETCATALOG_COMPILER_GLOBAL_ACCENT_COLOR_NAME = AccentColor;
				CODE_SIGN_STYLE = Automatic;
				CURRENT_PROJECT_VERSION = 1;
				DEVELOPMENT_TEAM = GPVA8JVMU3;
				FRAMEWORK_SEARCH_PATHS = (
					"$(PROJECT_DIR)/Carthage/Build",
					"$(PROJECT_DIR)/Carthage/Build/iOS",
				);
				GENERATE_INFOPLIST_FILE = YES;
				INFOPLIST_FILE = CroppingRCamExample/Info.plist;
				INFOPLIST_KEY_UIApplicationSupportsIndirectInputEvents = YES;
				INFOPLIST_KEY_UILaunchStoryboardName = LaunchScreen;
				INFOPLIST_KEY_UISupportedInterfaceOrientations_iPad = "UIInterfaceOrientationPortrait UIInterfaceOrientationPortraitUpsideDown UIInterfaceOrientationLandscapeLeft UIInterfaceOrientationLandscapeRight";
				INFOPLIST_KEY_UISupportedInterfaceOrientations_iPhone = "UIInterfaceOrientationPortrait UIInterfaceOrientationLandscapeLeft UIInterfaceOrientationLandscapeRight";
				IPHONEOS_DEPLOYMENT_TARGET = 13.0;
				LD_RUNPATH_SEARCH_PATHS = (
					"$(inherited)",
					"@executable_path/Frameworks",
				);
				MARKETING_VERSION = 1.0;
				PRODUCT_BUNDLE_IDENTIFIER = com.rosberry.CroppingRCamExample;
				PRODUCT_NAME = "$(TARGET_NAME)";
				SWIFT_EMIT_LOC_STRINGS = YES;
				SWIFT_VERSION = 5.0;
				TARGETED_DEVICE_FAMILY = "1,2";
			};
			name = Debug;
		};
		1166B0FD280FE4C800249022 /* Release */ = {
			isa = XCBuildConfiguration;
			buildSettings = {
				ASSETCATALOG_COMPILER_APPICON_NAME = AppIcon;
				ASSETCATALOG_COMPILER_GLOBAL_ACCENT_COLOR_NAME = AccentColor;
				CODE_SIGN_STYLE = Automatic;
				CURRENT_PROJECT_VERSION = 1;
				DEVELOPMENT_TEAM = GPVA8JVMU3;
				FRAMEWORK_SEARCH_PATHS = (
					"$(PROJECT_DIR)/Carthage/Build",
					"$(PROJECT_DIR)/Carthage/Build/iOS",
				);
				GENERATE_INFOPLIST_FILE = YES;
				INFOPLIST_FILE = CroppingRCamExample/Info.plist;
				INFOPLIST_KEY_UIApplicationSupportsIndirectInputEvents = YES;
				INFOPLIST_KEY_UILaunchStoryboardName = LaunchScreen;
				INFOPLIST_KEY_UISupportedInterfaceOrientations_iPad = "UIInterfaceOrientationPortrait UIInterfaceOrientationPortraitUpsideDown UIInterfaceOrientationLandscapeLeft UIInterfaceOrientationLandscapeRight";
				INFOPLIST_KEY_UISupportedInterfaceOrientations_iPhone = "UIInterfaceOrientationPortrait UIInterfaceOrientationLandscapeLeft UIInterfaceOrientationLandscapeRight";
				IPHONEOS_DEPLOYMENT_TARGET = 13.0;
				LD_RUNPATH_SEARCH_PATHS = (
					"$(inherited)",
					"@executable_path/Frameworks",
				);
				MARKETING_VERSION = 1.0;
				PRODUCT_BUNDLE_IDENTIFIER = com.rosberry.CroppingRCamExample;
				PRODUCT_NAME = "$(TARGET_NAME)";
				SWIFT_EMIT_LOC_STRINGS = YES;
				SWIFT_VERSION = 5.0;
				TARGETED_DEVICE_FAMILY = "1,2";
			};
			name = Release;
		};
/* End XCBuildConfiguration section */

/* Begin XCConfigurationList section */
		1166B0E2280FE4C500249022 /* Build configuration list for PBXProject "CroppingRCamExample" */ = {
			isa = XCConfigurationList;
			buildConfigurations = (
				1166B0F9280FE4C800249022 /* Debug */,
				1166B0FA280FE4C800249022 /* Release */,
			);
			defaultConfigurationIsVisible = 0;
			defaultConfigurationName = Release;
		};
		1166B0FB280FE4C800249022 /* Build configuration list for PBXNativeTarget "CroppingRCamExample" */ = {
			isa = XCConfigurationList;
			buildConfigurations = (
				1166B0FC280FE4C800249022 /* Debug */,
				1166B0FD280FE4C800249022 /* Release */,
			);
			defaultConfigurationIsVisible = 0;
			defaultConfigurationName = Release;
		};
/* End XCConfigurationList section */
	};
	rootObject = 1166B0DF280FE4C500249022 /* Project object */;
}
